
Microsoft Visual Studio Solution File, Format Version 12.00
# Visual Studio 2013
VisualStudioVersion = 12.0.30723.0
MinimumVisualStudioVersion = 10.0.40219.1
Project("{FAE04EC0-301F-11D3-BF4B-00C04F79EFBC}") = "BasicSubscriber", "TestCSDKFromCSharp\BasicSubscriber.csproj", "{27C01E84-16A7-44A5-825F-56BC00391499}"
EndProject
Global
	GlobalSection(SolutionConfigurationPlatforms) = preSolution
		Debug|Any CPU = Debug|Any CPU
		Release|Any CPU = Release|Any CPU
	EndGlobalSection
	GlobalSection(ProjectConfigurationPlatforms) = postSolution
		{27C01E84-16A7-44A5-825F-56BC00391499}.Debug|Any CPU.ActiveCfg = Debug|Any CPU
		{27C01E84-16A7-44A5-825F-56BC00391499}.Debug|Any CPU.Build.0 = Debug|Any CPU
		{27C01E84-16A7-44A5-825F-56BC00391499}.Release|Any CPU.ActiveCfg = Release|Any CPU
		{27C01E84-16A7-44A5-825F-56BC00391499}.Release|Any CPU.Build.0 = Release|Any CPU
	EndGlobalSection
	GlobalSection(SolutionProperties) = preSolution
		HideSolutionNode = FALSE
	EndGlobalSection
EndGlobal
