
Microsoft Visual Studio Solution File, Format Version 12.00
# Visual Studio Version 16
VisualStudioVersion = 16.0.33027.164
MinimumVisualStudioVersion = 10.0.40219.1
Project("{FAE04EC0-301F-11D3-BF4B-00C04F79EFBC}") = "BasicVideoChatUWP", "BasicVideoChatUWP.csproj", "{13D82DB2-2419-4FA9-9F75-5ABA5ABCACB9}"
EndProject
Global
	GlobalSection(SolutionConfigurationPlatforms) = preSolution
		Debug|x64 = Debug|x64
		Release|x64 = Release|x64
	EndGlobalSection
	GlobalSection(ProjectConfigurationPlatforms) = postSolution
		{13D82DB2-2419-4FA9-9F75-5ABA5ABCACB9}.Debug|x64.ActiveCfg = Debug|x64
		{13D82DB2-2419-4FA9-9F75-5ABA5ABCACB9}.Debug|x64.Build.0 = Debug|x64
		{13D82DB2-2419-4FA9-9F75-5ABA5ABCACB9}.Debug|x64.Deploy.0 = Debug|x64
		{13D82DB2-2419-4FA9-9F75-5ABA5ABCACB9}.Release|x64.ActiveCfg = Release|x64
		{13D82DB2-2419-4FA9-9F75-5ABA5ABCACB9}.Release|x64.Build.0 = Release|x64
		{13D82DB2-2419-4FA9-9F75-5ABA5ABCACB9}.Release|x64.Deploy.0 = Release|x64
	EndGlobalSection
	GlobalSection(SolutionProperties) = preSolution
		HideSolutionNode = FALSE
	EndGlobalSection
	GlobalSection(ExtensibilityGlobals) = postSolution
		SolutionGuid = {E6E724BF-AD5F-48ED-A54F-78CE9D548996}
	EndGlobalSection
EndGlobal
